
Microsoft Visual Studio Solution File, Format Version 12.00
# Visual Studio Version 16
VisualStudioVersion = 16.0.29905.134
MinimumVisualStudioVersion = 10.0.40219.1
Project("{FAE04EC0-301F-11D3-BF4B-00C04F79EFBC}") = "MassTransit.Sample", "MassTransit.Sample\MassTransit.Sample.csproj", "{65B8EF6A-1D91-4F81-B07B-C08D05FC0B1B}"
EndProject
Global
	GlobalSection(SolutionConfigurationPlatforms) = preSolution
		Debug|Any CPU = Debug|Any CPU
		Release|Any CPU = Release|Any CPU
	EndGlobalSection
	GlobalSection(ProjectConfigurationPlatforms) = postSolution
		{65B8EF6A-1D91-4F81-B07B-C08D05FC0B1B}.Debug|Any CPU.ActiveCfg = Debug|Any CPU
		{65B8EF6A-1D91-4F81-B07B-C08D05FC0B1B}.Debug|Any CPU.Build.0 = Debug|Any CPU
		{65B8EF6A-1D91-4F81-B07B-C08D05FC0B1B}.Release|Any CPU.ActiveCfg = Release|Any CPU
		{65B8EF6A-1D91-4F81-B07B-C08D05FC0B1B}.Release|Any CPU.Build.0 = Release|Any CPU
	EndGlobalSection
	GlobalSection(SolutionProperties) = preSolution
		HideSolutionNode = FALSE
	EndGlobalSection
	GlobalSection(ExtensibilityGlobals) = postSolution
		SolutionGuid = {AA3325C3-4EB5-4EF8-B8C0-3654701BCCC3}
	EndGlobalSection
EndGlobal
